// !$*UTF8*$!
{
	archiveVersion = 1;
	classes = {
	};
	objectVersion = 56;
	objects = {

/* Begin PBXBuildFile section */
		0367491D2A43553F001CFFBF /* AppDelegate.swift in Sources */ = {isa = PBXBuildFile; fileRef = 0367491C2A43553F001CFFBF /* AppDelegate.swift */; };
		0367491F2A43553F001CFFBF /* SceneDelegate.swift in Sources */ = {isa = PBXBuildFile; fileRef = 0367491E2A43553F001CFFBF /* SceneDelegate.swift */; };
		036749212A43553F001CFFBF /* ConversationsViewController.swift in Sources */ = {isa = PBXBuildFile; fileRef = 036749202A43553F001CFFBF /* ConversationsViewController.swift */; };
		036749242A43553F001CFFBF /* Main.storyboard in Resources */ = {isa = PBXBuildFile; fileRef = 036749222A43553F001CFFBF /* Main.storyboard */; };
		036749262A435541001CFFBF /* Assets.xcassets in Resources */ = {isa = PBXBuildFile; fileRef = 036749252A435541001CFFBF /* Assets.xcassets */; };
		036749292A435541001CFFBF /* LaunchScreen.storyboard in Resources */ = {isa = PBXBuildFile; fileRef = 036749272A435541001CFFBF /* LaunchScreen.storyboard */; };
		036749372A435D81001CFFBF /* LoginViewController.swift in Sources */ = {isa = PBXBuildFile; fileRef = 036749362A435D81001CFFBF /* LoginViewController.swift */; };
		036749392A435DA1001CFFBF /* RegisterViewController.swift in Sources */ = {isa = PBXBuildFile; fileRef = 036749382A435DA1001CFFBF /* RegisterViewController.swift */; };
		0367493B2A435DBE001CFFBF /* PhotoViewerViewController.swift in Sources */ = {isa = PBXBuildFile; fileRef = 0367493A2A435DBE001CFFBF /* PhotoViewerViewController.swift */; };
		0367493D2A435DD2001CFFBF /* VideoPlayerViewController.swift in Sources */ = {isa = PBXBuildFile; fileRef = 0367493C2A435DD2001CFFBF /* VideoPlayerViewController.swift */; };
		0367493F2A435DEF001CFFBF /* NewConversationViewController.swift in Sources */ = {isa = PBXBuildFile; fileRef = 0367493E2A435DEF001CFFBF /* NewConversationViewController.swift */; };
		036749412A435E00001CFFBF /* ProfileViewController.swift in Sources */ = {isa = PBXBuildFile; fileRef = 036749402A435E00001CFFBF /* ProfileViewController.swift */; };
		036749442A437187001CFFBF /* Extensions.swift in Sources */ = {isa = PBXBuildFile; fileRef = 036749432A437187001CFFBF /* Extensions.swift */; };
/* End PBXBuildFile section */

/* Begin PBXFileReference section */
		036749192A43553F001CFFBF /* Chatterbox.app */ = {isa = PBXFileReference; explicitFileType = wrapper.application; includeInIndex = 0; path = Chatterbox.app; sourceTree = BUILT_PRODUCTS_DIR; };
		0367491C2A43553F001CFFBF /* AppDelegate.swift */ = {isa = PBXFileReference; lastKnownFileType = sourcecode.swift; path = AppDelegate.swift; sourceTree = "<group>"; };
		0367491E2A43553F001CFFBF /* SceneDelegate.swift */ = {isa = PBXFileReference; lastKnownFileType = sourcecode.swift; path = SceneDelegate.swift; sourceTree = "<group>"; };
		036749202A43553F001CFFBF /* ConversationsViewController.swift */ = {isa = PBXFileReference; lastKnownFileType = sourcecode.swift; path = ConversationsViewController.swift; sourceTree = "<group>"; };
		036749232A43553F001CFFBF /* Base */ = {isa = PBXFileReference; lastKnownFileType = file.storyboard; name = Base; path = Base.lproj/Main.storyboard; sourceTree = "<group>"; };
		036749252A435541001CFFBF /* Assets.xcassets */ = {isa = PBXFileReference; lastKnownFileType = folder.assetcatalog; path = Assets.xcassets; sourceTree = "<group>"; };
		036749282A435541001CFFBF /* Base */ = {isa = PBXFileReference; lastKnownFileType = file.storyboard; name = Base; path = Base.lproj/LaunchScreen.storyboard; sourceTree = "<group>"; };
		0367492A2A435541001CFFBF /* Info.plist */ = {isa = PBXFileReference; lastKnownFileType = text.plist.xml; path = Info.plist; sourceTree = "<group>"; };
		036749362A435D81001CFFBF /* LoginViewController.swift */ = {isa = PBXFileReference; lastKnownFileType = sourcecode.swift; path = LoginViewController.swift; sourceTree = "<group>"; };
		036749382A435DA1001CFFBF /* RegisterViewController.swift */ = {isa = PBXFileReference; lastKnownFileType = sourcecode.swift; path = RegisterViewController.swift; sourceTree = "<group>"; };
		0367493A2A435DBE001CFFBF /* PhotoViewerViewController.swift */ = {isa = PBXFileReference; lastKnownFileType = sourcecode.swift; path = PhotoViewerViewController.swift; sourceTree = "<group>"; };
		0367493C2A435DD2001CFFBF /* VideoPlayerViewController.swift */ = {isa = PBXFileReference; lastKnownFileType = sourcecode.swift; path = VideoPlayerViewController.swift; sourceTree = "<group>"; };
		0367493E2A435DEF001CFFBF /* NewConversationViewController.swift */ = {isa = PBXFileReference; lastKnownFileType = sourcecode.swift; path = NewConversationViewController.swift; sourceTree = "<group>"; };
		036749402A435E00001CFFBF /* ProfileViewController.swift */ = {isa = PBXFileReference; lastKnownFileType = sourcecode.swift; path = ProfileViewController.swift; sourceTree = "<group>"; };
		036749432A437187001CFFBF /* Extensions.swift */ = {isa = PBXFileReference; lastKnownFileType = sourcecode.swift; path = Extensions.swift; sourceTree = "<group>"; };
/* End PBXFileReference section */

/* Begin PBXFrameworksBuildPhase section */
		036749162A43553F001CFFBF /* Frameworks */ = {
			isa = PBXFrameworksBuildPhase;
			buildActionMask = 2147483647;
			files = (
			);
			runOnlyForDeploymentPostprocessing = 0;
		};
/* End PBXFrameworksBuildPhase section */

/* Begin PBXGroup section */
		036749102A43553F001CFFBF = {
			isa = PBXGroup;
			children = (
				0367491B2A43553F001CFFBF /* Chatterbox */,
				0367491A2A43553F001CFFBF /* Products */,
			);
			sourceTree = "<group>";
		};
		0367491A2A43553F001CFFBF /* Products */ = {
			isa = PBXGroup;
			children = (
				036749192A43553F001CFFBF /* Chatterbox.app */,
			);
			name = Products;
			sourceTree = "<group>";
		};
		0367491B2A43553F001CFFBF /* Chatterbox */ = {
			isa = PBXGroup;
			children = (
				036749342A435C1F001CFFBF /* Resourses */,
				036749332A435C02001CFFBF /* ViewModels */,
				036749322A435BFB001CFFBF /* Models */,
				036749312A435BF3001CFFBF /* Views */,
				036749302A435BEA001CFFBF /* Controllers */,
				0367492A2A435541001CFFBF /* Info.plist */,
			);
			path = Chatterbox;
			sourceTree = "<group>";
		};
		036749302A435BEA001CFFBF /* Controllers */ = {
			isa = PBXGroup;
			children = (
				036749202A43553F001CFFBF /* ConversationsViewController.swift */,
				036749422A436D35001CFFBF /* Login */,
				0367493A2A435DBE001CFFBF /* PhotoViewerViewController.swift */,
				0367493C2A435DD2001CFFBF /* VideoPlayerViewController.swift */,
				0367493E2A435DEF001CFFBF /* NewConversationViewController.swift */,
				036749402A435E00001CFFBF /* ProfileViewController.swift */,
			);
			path = Controllers;
			sourceTree = "<group>";
		};
		036749312A435BF3001CFFBF /* Views */ = {
			isa = PBXGroup;
			children = (
				036749352A435D46001CFFBF /* Storyboards */,
				036749252A435541001CFFBF /* Assets.xcassets */,
			);
			path = Views;
			sourceTree = "<group>";
		};
		036749322A435BFB001CFFBF /* Models */ = {
			isa = PBXGroup;
			children = (
			);
			path = Models;
			sourceTree = "<group>";
		};
		036749332A435C02001CFFBF /* ViewModels */ = {
			isa = PBXGroup;
			children = (
			);
			path = ViewModels;
			sourceTree = "<group>";
		};
		036749342A435C1F001CFFBF /* Resourses */ = {
			isa = PBXGroup;
			children = (
				0367491C2A43553F001CFFBF /* AppDelegate.swift */,
				0367491E2A43553F001CFFBF /* SceneDelegate.swift */,
				036749432A437187001CFFBF /* Extensions.swift */,
			);
			path = Resourses;
			sourceTree = "<group>";
		};
		036749352A435D46001CFFBF /* Storyboards */ = {
			isa = PBXGroup;
			children = (
				036749222A43553F001CFFBF /* Main.storyboard */,
				036749272A435541001CFFBF /* LaunchScreen.storyboard */,
			);
			path = Storyboards;
			sourceTree = "<group>";
		};
		036749422A436D35001CFFBF /* Login */ = {
			isa = PBXGroup;
			children = (
				036749362A435D81001CFFBF /* LoginViewController.swift */,
				036749382A435DA1001CFFBF /* RegisterViewController.swift */,
			);
			path = Login;
			sourceTree = "<group>";
		};
/* End PBXGroup section */

/* Begin PBXNativeTarget section */
		036749182A43553F001CFFBF /* Chatterbox */ = {
			isa = PBXNativeTarget;
			buildConfigurationList = 0367492D2A435541001CFFBF /* Build configuration list for PBXNativeTarget "Chatterbox" */;
			buildPhases = (
				036749152A43553F001CFFBF /* Sources */,
				036749162A43553F001CFFBF /* Frameworks */,
				036749172A43553F001CFFBF /* Resources */,
			);
			buildRules = (
			);
			dependencies = (
			);
			name = Chatterbox;
			productName = Chatterbox;
			productReference = 036749192A43553F001CFFBF /* Chatterbox.app */;
			productType = "com.apple.product-type.application";
		};
/* End PBXNativeTarget section */

/* Begin PBXProject section */
		036749112A43553F001CFFBF /* Project object */ = {
			isa = PBXProject;
			attributes = {
				BuildIndependentTargetsInParallel = 1;
				LastSwiftUpdateCheck = 1430;
				LastUpgradeCheck = 1430;
				TargetAttributes = {
					036749182A43553F001CFFBF = {
						CreatedOnToolsVersion = 14.3.1;
					};
				};
			};
			buildConfigurationList = 036749142A43553F001CFFBF /* Build configuration list for PBXProject "Chatterbox" */;
			compatibilityVersion = "Xcode 14.0";
			developmentRegion = en;
			hasScannedForEncodings = 0;
			knownRegions = (
				en,
				Base,
			);
			mainGroup = 036749102A43553F001CFFBF;
			productRefGroup = 0367491A2A43553F001CFFBF /* Products */;
			projectDirPath = "";
			projectRoot = "";
			targets = (
				036749182A43553F001CFFBF /* Chatterbox */,
			);
		};
/* End PBXProject section */

/* Begin PBXResourcesBuildPhase section */
		036749172A43553F001CFFBF /* Resources */ = {
			isa = PBXResourcesBuildPhase;
			buildActionMask = 2147483647;
			files = (
				036749292A435541001CFFBF /* LaunchScreen.storyboard in Resources */,
				036749262A435541001CFFBF /* Assets.xcassets in Resources */,
				036749242A43553F001CFFBF /* Main.storyboard in Resources */,
			);
			runOnlyForDeploymentPostprocessing = 0;
		};
/* End PBXResourcesBuildPhase section */

/* Begin PBXSourcesBuildPhase section */
		036749152A43553F001CFFBF /* Sources */ = {
			isa = PBXSourcesBuildPhase;
			buildActionMask = 2147483647;
			files = (
				036749372A435D81001CFFBF /* LoginViewController.swift in Sources */,
				036749392A435DA1001CFFBF /* RegisterViewController.swift in Sources */,
				0367493F2A435DEF001CFFBF /* NewConversationViewController.swift in Sources */,
				036749212A43553F001CFFBF /* ConversationsViewController.swift in Sources */,
				0367493D2A435DD2001CFFBF /* VideoPlayerViewController.swift in Sources */,
				036749442A437187001CFFBF /* Extensions.swift in Sources */,
				0367491D2A43553F001CFFBF /* AppDelegate.swift in Sources */,
				036749412A435E00001CFFBF /* ProfileViewController.swift in Sources */,
				0367491F2A43553F001CFFBF /* SceneDelegate.swift in Sources */,
				0367493B2A435DBE001CFFBF /* PhotoViewerViewController.swift in Sources */,
			);
			runOnlyForDeploymentPostprocessing = 0;
		};
/* End PBXSourcesBuildPhase section */

/* Begin PBXVariantGroup section */
		036749222A43553F001CFFBF /* Main.storyboard */ = {
			isa = PBXVariantGroup;
			children = (
				036749232A43553F001CFFBF /* Base */,
			);
			name = Main.storyboard;
			sourceTree = "<group>";
		};
		036749272A435541001CFFBF /* LaunchScreen.storyboard */ = {
			isa = PBXVariantGroup;
			children = (
				036749282A435541001CFFBF /* Base */,
			);
			name = LaunchScreen.storyboard;
			sourceTree = "<group>";
		};
/* End PBXVariantGroup section */

/* Begin XCBuildConfiguration section */
		0367492B2A435541001CFFBF /* Debug */ = {
			isa = XCBuildConfiguration;
			buildSettings = {
				ALWAYS_SEARCH_USER_PATHS = NO;
				CLANG_ANALYZER_NONNULL = YES;
				CLANG_ANALYZER_NUMBER_OBJECT_CONVERSION = YES_AGGRESSIVE;
				CLANG_CXX_LANGUAGE_STANDARD = "gnu++20";
				CLANG_ENABLE_MODULES = YES;
				CLANG_ENABLE_OBJC_ARC = YES;
				CLANG_ENABLE_OBJC_WEAK = YES;
				CLANG_WARN_BLOCK_CAPTURE_AUTORELEASING = YES;
				CLANG_WARN_BOOL_CONVERSION = YES;
				CLANG_WARN_COMMA = YES;
				CLANG_WARN_CONSTANT_CONVERSION = YES;
				CLANG_WARN_DEPRECATED_OBJC_IMPLEMENTATIONS = YES;
				CLANG_WARN_DIRECT_OBJC_ISA_USAGE = YES_ERROR;
				CLANG_WARN_DOCUMENTATION_COMMENTS = YES;
				CLANG_WARN_EMPTY_BODY = YES;
				CLANG_WARN_ENUM_CONVERSION = YES;
				CLANG_WARN_INFINITE_RECURSION = YES;
				CLANG_WARN_INT_CONVERSION = YES;
				CLANG_WARN_NON_LITERAL_NULL_CONVERSION = YES;
				CLANG_WARN_OBJC_IMPLICIT_RETAIN_SELF = YES;
				CLANG_WARN_OBJC_LITERAL_CONVERSION = YES;
				CLANG_WARN_OBJC_ROOT_CLASS = YES_ERROR;
				CLANG_WARN_QUOTED_INCLUDE_IN_FRAMEWORK_HEADER = YES;
				CLANG_WARN_RANGE_LOOP_ANALYSIS = YES;
				CLANG_WARN_STRICT_PROTOTYPES = YES;
				CLANG_WARN_SUSPICIOUS_MOVE = YES;
				CLANG_WARN_UNGUARDED_AVAILABILITY = YES_AGGRESSIVE;
				CLANG_WARN_UNREACHABLE_CODE = YES;
				CLANG_WARN__DUPLICATE_METHOD_MATCH = YES;
				COPY_PHASE_STRIP = NO;
				DEBUG_INFORMATION_FORMAT = dwarf;
				ENABLE_STRICT_OBJC_MSGSEND = YES;
				ENABLE_TESTABILITY = YES;
				GCC_C_LANGUAGE_STANDARD = gnu11;
				GCC_DYNAMIC_NO_PIC = NO;
				GCC_NO_COMMON_BLOCKS = YES;
				GCC_OPTIMIZATION_LEVEL = 0;
				GCC_PREPROCESSOR_DEFINITIONS = (
					"DEBUG=1",
					"$(inherited)",
				);
				GCC_WARN_64_TO_32_BIT_CONVERSION = YES;
				GCC_WARN_ABOUT_RETURN_TYPE = YES_ERROR;
				GCC_WARN_UNDECLARED_SELECTOR = YES;
				GCC_WARN_UNINITIALIZED_AUTOS = YES_AGGRESSIVE;
				GCC_WARN_UNUSED_FUNCTION = YES;
				GCC_WARN_UNUSED_VARIABLE = YES;
				IPHONEOS_DEPLOYMENT_TARGET = 16.4;
				MTL_ENABLE_DEBUG_INFO = INCLUDE_SOURCE;
				MTL_FAST_MATH = YES;
				ONLY_ACTIVE_ARCH = YES;
				SDKROOT = iphoneos;
				SWIFT_ACTIVE_COMPILATION_CONDITIONS = DEBUG;
				SWIFT_OPTIMIZATION_LEVEL = "-Onone";
			};
			name = Debug;
		};
		0367492C2A435541001CFFBF /* Release */ = {
			isa = XCBuildConfiguration;
			buildSettings = {
				ALWAYS_SEARCH_USER_PATHS = NO;
				CLANG_ANALYZER_NONNULL = YES;
				CLANG_ANALYZER_NUMBER_OBJECT_CONVERSION = YES_AGGRESSIVE;
				CLANG_CXX_LANGUAGE_STANDARD = "gnu++20";
				CLANG_ENABLE_MODULES = YES;
				CLANG_ENABLE_OBJC_ARC = YES;
				CLANG_ENABLE_OBJC_WEAK = YES;
				CLANG_WARN_BLOCK_CAPTURE_AUTORELEASING = YES;
				CLANG_WARN_BOOL_CONVERSION = YES;
				CLANG_WARN_COMMA = YES;
				CLANG_WARN_CONSTANT_CONVERSION = YES;
				CLANG_WARN_DEPRECATED_OBJC_IMPLEMENTATIONS = YES;
				CLANG_WARN_DIRECT_OBJC_ISA_USAGE = YES_ERROR;
				CLANG_WARN_DOCUMENTATION_COMMENTS = YES;
				CLANG_WARN_EMPTY_BODY = YES;
				CLANG_WARN_ENUM_CONVERSION = YES;
				CLANG_WARN_INFINITE_RECURSION = YES;
				CLANG_WARN_INT_CONVERSION = YES;
				CLANG_WARN_NON_LITERAL_NULL_CONVERSION = YES;
				CLANG_WARN_OBJC_IMPLICIT_RETAIN_SELF = YES;
				CLANG_WARN_OBJC_LITERAL_CONVERSION = YES;
				CLANG_WARN_OBJC_ROOT_CLASS = YES_ERROR;
				CLANG_WARN_QUOTED_INCLUDE_IN_FRAMEWORK_HEADER = YES;
				CLANG_WARN_RANGE_LOOP_ANALYSIS = YES;
				CLANG_WARN_STRICT_PROTOTYPES = YES;
				CLANG_WARN_SUSPICIOUS_MOVE = YES;
				CLANG_WARN_UNGUARDED_AVAILABILITY = YES_AGGRESSIVE;
				CLANG_WARN_UNREACHABLE_CODE = YES;
				CLANG_WARN__DUPLICATE_METHOD_MATCH = YES;
				COPY_PHASE_STRIP = NO;
				DEBUG_INFORMATION_FORMAT = "dwarf-with-dsym";
				ENABLE_NS_ASSERTIONS = NO;
				ENABLE_STRICT_OBJC_MSGSEND = YES;
				GCC_C_LANGUAGE_STANDARD = gnu11;
				GCC_NO_COMMON_BLOCKS = YES;
				GCC_WARN_64_TO_32_BIT_CONVERSION = YES;
				GCC_WARN_ABOUT_RETURN_TYPE = YES_ERROR;
				GCC_WARN_UNDECLARED_SELECTOR = YES;
				GCC_WARN_UNINITIALIZED_AUTOS = YES_AGGRESSIVE;
				GCC_WARN_UNUSED_FUNCTION = YES;
				GCC_WARN_UNUSED_VARIABLE = YES;
				IPHONEOS_DEPLOYMENT_TARGET = 16.4;
				MTL_ENABLE_DEBUG_INFO = NO;
				MTL_FAST_MATH = YES;
				SDKROOT = iphoneos;
				SWIFT_COMPILATION_MODE = wholemodule;
				SWIFT_OPTIMIZATION_LEVEL = "-O";
				VALIDATE_PRODUCT = YES;
			};
			name = Release;
		};
		0367492E2A435541001CFFBF /* Debug */ = {
			isa = XCBuildConfiguration;
			buildSettings = {
				ASSETCATALOG_COMPILER_APPICON_NAME = AppIcon;
				ASSETCATALOG_COMPILER_GLOBAL_ACCENT_COLOR_NAME = AccentColor;
				CODE_SIGN_STYLE = Automatic;
				CURRENT_PROJECT_VERSION = 1;
				DEVELOPMENT_TEAM = 5G3L9PJKC3;
				GENERATE_INFOPLIST_FILE = YES;
				INFOPLIST_FILE = Chatterbox/Info.plist;
				INFOPLIST_KEY_NSCameraUsageDescription = "Please allow access to take a profile picture";
				INFOPLIST_KEY_NSPhotoLibraryAddUsageDescription = "Please allow access to select a photo for your profile";
				INFOPLIST_KEY_UIApplicationSupportsIndirectInputEvents = YES;
				INFOPLIST_KEY_UILaunchStoryboardName = LaunchScreen;
				INFOPLIST_KEY_UIMainStoryboardFile = Main;
				INFOPLIST_KEY_UISupportedInterfaceOrientations = UIInterfaceOrientationPortrait;
				INFOPLIST_KEY_UISupportedInterfaceOrientations_iPad = "UIInterfaceOrientationLandscapeLeft UIInterfaceOrientationLandscapeRight";
				LD_RUNPATH_SEARCH_PATHS = (
					"$(inherited)",
					"@executable_path/Frameworks",
				);
				MARKETING_VERSION = 1.0;
				PRODUCT_BUNDLE_IDENTIFIER = sashabravos.Chatterbox;
				PRODUCT_NAME = "$(TARGET_NAME)";
				SUPPORTED_PLATFORMS = "iphoneos iphonesimulator";
				SUPPORTS_MACCATALYST = NO;
				SUPPORTS_MAC_DESIGNED_FOR_IPHONE_IPAD = NO;
				SWIFT_EMIT_LOC_STRINGS = YES;
				SWIFT_VERSION = 5.0;
				TARGETED_DEVICE_FAMILY = "1,2";
			};
			name = Debug;
		};
		0367492F2A435541001CFFBF /* Release */ = {
			isa = XCBuildConfiguration;
			buildSettings = {
				ASSETCATALOG_COMPILER_APPICON_NAME = AppIcon;
				ASSETCATALOG_COMPILER_GLOBAL_ACCENT_COLOR_NAME = AccentColor;
				CODE_SIGN_STYLE = Automatic;
				CURRENT_PROJECT_VERSION = 1;
				DEVELOPMENT_TEAM = 5G3L9PJKC3;
				GENERATE_INFOPLIST_FILE = YES;
				INFOPLIST_FILE = Chatterbox/Info.plist;
				INFOPLIST_KEY_NSCameraUsageDescription = "Please allow access to take a profile picture";
				INFOPLIST_KEY_NSPhotoLibraryAddUsageDescription = "Please allow access to select a photo for your profile";
				INFOPLIST_KEY_UIApplicationSupportsIndirectInputEvents = YES;
				INFOPLIST_KEY_UILaunchStoryboardName = LaunchScreen;
				INFOPLIST_KEY_UIMainStoryboardFile = Main;
				INFOPLIST_KEY_UISupportedInterfaceOrientations = UIInterfaceOrientationPortrait;
				INFOPLIST_KEY_UISupportedInterfaceOrientations_iPad = "UIInterfaceOrientationLandscapeLeft UIInterfaceOrientationLandscapeRight";
				LD_RUNPATH_SEARCH_PATHS = (
					"$(inherited)",
					"@executable_path/Frameworks",
				);
				MARKETING_VERSION = 1.0;
				PRODUCT_BUNDLE_IDENTIFIER = sashabravos.Chatterbox;
				PRODUCT_NAME = "$(TARGET_NAME)";
				SUPPORTED_PLATFORMS = "iphoneos iphonesimulator";
				SUPPORTS_MACCATALYST = NO;
				SUPPORTS_MAC_DESIGNED_FOR_IPHONE_IPAD = NO;
				SWIFT_EMIT_LOC_STRINGS = YES;
				SWIFT_VERSION = 5.0;
				TARGETED_DEVICE_FAMILY = "1,2";
			};
			name = Release;
		};
/* End XCBuildConfiguration section */

/* Begin XCConfigurationList section */
		036749142A43553F001CFFBF /* Build configuration list for PBXProject "Chatterbox" */ = {
			isa = XCConfigurationList;
			buildConfigurations = (
				0367492B2A435541001CFFBF /* Debug */,
				0367492C2A435541001CFFBF /* Release */,
			);
			defaultConfigurationIsVisible = 0;
			defaultConfigurationName = Release;
		};
		0367492D2A435541001CFFBF /* Build configuration list for PBXNativeTarget "Chatterbox" */ = {
			isa = XCConfigurationList;
			buildConfigurations = (
				0367492E2A435541001CFFBF /* Debug */,
				0367492F2A435541001CFFBF /* Release */,
			);
			defaultConfigurationIsVisible = 0;
			defaultConfigurationName = Release;
		};
/* End XCConfigurationList section */
	};
	rootObject = 036749112A43553F001CFFBF /* Project object */;
}
